
Microsoft Visual Studio Solution File, Format Version 12.00
# Visual Studio Version 17
VisualStudioVersion = 17.12.35728.132
MinimumVisualStudioVersion = 10.0.40219.1
Project("{FAE04EC0-301F-11D3-BF4B-00C04F79EFBC}") = "Ui", "src\Ui\Ui.csproj", "{D46E6BC2-ED57-46B9-A8FE-F9E35E808D6C}"
EndProject
Project("{FAE04EC0-301F-11D3-BF4B-00C04F79EFBC}") = "Cdk", "src\Cdk\src\Cdk\Cdk.csproj", "{731A198B-1B10-489F-A8F1-248A57F38DCF}"
EndProject
Project("{FAE04EC0-301F-11D3-BF4B-00C04F79EFBC}") = "Ui.Tests", "src\Ui.Tests\Ui.Tests.csproj", "{5B9DD69E-D347-4181-B30D-75A518DEE609}"
EndProject
Project("{FAE04EC0-301F-11D3-BF4B-00C04F79EFBC}") = "ShareWorker", "src\ShareWorker\ShareWorker.csproj", "{9A3D14D3-6F5A-4CCC-93D0-B6931F580025}"
EndProject
Project("{FAE04EC0-301F-11D3-BF4B-00C04F79EFBC}") = "DownloadWorker", "src\DownloadWorker\DownloadWorker.csproj", "{CA57F376-57E8-4B5F-83EA-CD15FA321F64}"
EndProject
Project("{FAE04EC0-301F-11D3-BF4B-00C04F79EFBC}") = "Api", "src\Api\Api.csproj", "{00684A25-D883-4725-965E-B53983886CA0}"
EndProject
Global
	GlobalSection(SolutionConfigurationPlatforms) = preSolution
		Debug|Any CPU = Debug|Any CPU
		Release|Any CPU = Release|Any CPU
	EndGlobalSection
	GlobalSection(ProjectConfigurationPlatforms) = postSolution
		{D46E6BC2-ED57-46B9-A8FE-F9E35E808D6C}.Debug|Any CPU.ActiveCfg = Debug|Any CPU
		{D46E6BC2-ED57-46B9-A8FE-F9E35E808D6C}.Debug|Any CPU.Build.0 = Debug|Any CPU
		{D46E6BC2-ED57-46B9-A8FE-F9E35E808D6C}.Release|Any CPU.ActiveCfg = Release|Any CPU
		{D46E6BC2-ED57-46B9-A8FE-F9E35E808D6C}.Release|Any CPU.Build.0 = Release|Any CPU
		{731A198B-1B10-489F-A8F1-248A57F38DCF}.Debug|Any CPU.ActiveCfg = Debug|Any CPU
		{731A198B-1B10-489F-A8F1-248A57F38DCF}.Debug|Any CPU.Build.0 = Debug|Any CPU
		{731A198B-1B10-489F-A8F1-248A57F38DCF}.Release|Any CPU.ActiveCfg = Release|Any CPU
		{731A198B-1B10-489F-A8F1-248A57F38DCF}.Release|Any CPU.Build.0 = Release|Any CPU
		{5B9DD69E-D347-4181-B30D-75A518DEE609}.Debug|Any CPU.ActiveCfg = Debug|Any CPU
		{5B9DD69E-D347-4181-B30D-75A518DEE609}.Debug|Any CPU.Build.0 = Debug|Any CPU
		{5B9DD69E-D347-4181-B30D-75A518DEE609}.Release|Any CPU.ActiveCfg = Release|Any CPU
		{5B9DD69E-D347-4181-B30D-75A518DEE609}.Release|Any CPU.Build.0 = Release|Any CPU
		{9A3D14D3-6F5A-4CCC-93D0-B6931F580025}.Debug|Any CPU.ActiveCfg = Debug|Any CPU
		{9A3D14D3-6F5A-4CCC-93D0-B6931F580025}.Debug|Any CPU.Build.0 = Debug|Any CPU
		{9A3D14D3-6F5A-4CCC-93D0-B6931F580025}.Release|Any CPU.ActiveCfg = Release|Any CPU
		{9A3D14D3-6F5A-4CCC-93D0-B6931F580025}.Release|Any CPU.Build.0 = Release|Any CPU
		{CA57F376-57E8-4B5F-83EA-CD15FA321F64}.Debug|Any CPU.ActiveCfg = Debug|Any CPU
		{CA57F376-57E8-4B5F-83EA-CD15FA321F64}.Debug|Any CPU.Build.0 = Debug|Any CPU
		{CA57F376-57E8-4B5F-83EA-CD15FA321F64}.Release|Any CPU.ActiveCfg = Release|Any CPU
		{CA57F376-57E8-4B5F-83EA-CD15FA321F64}.Release|Any CPU.Build.0 = Release|Any CPU
		{00684A25-D883-4725-965E-B53983886CA0}.Debug|Any CPU.ActiveCfg = Debug|Any CPU
		{00684A25-D883-4725-965E-B53983886CA0}.Debug|Any CPU.Build.0 = Debug|Any CPU
		{00684A25-D883-4725-965E-B53983886CA0}.Release|Any CPU.ActiveCfg = Release|Any CPU
		{00684A25-D883-4725-965E-B53983886CA0}.Release|Any CPU.Build.0 = Release|Any CPU
	EndGlobalSection
	GlobalSection(SolutionProperties) = preSolution
		HideSolutionNode = FALSE
	EndGlobalSection
EndGlobal
